
Microsoft Visual Studio Solution File, Format Version 10.00
# Visual C# Express 2008
Project("{FAE04EC0-301F-11D3-BF4B-00C04F79EFBC}") = "Thaumaturgy", "Thaumaturgy\Thaumaturgy.csproj", "{6CA77B8E-49CE-4097-8746-6CB3C4795B1B}"
EndProject
Global
	GlobalSection(SolutionConfigurationPlatforms) = preSolution
		Debug|Any CPU = Debug|Any CPU
		Release|Any CPU = Release|Any CPU
	EndGlobalSection
	GlobalSection(ProjectConfigurationPlatforms) = postSolution
		{6CA77B8E-49CE-4097-8746-6CB3C4795B1B}.Debug|Any CPU.ActiveCfg = Debug|Any CPU
		{6CA77B8E-49CE-4097-8746-6CB3C4795B1B}.Debug|Any CPU.Build.0 = Debug|Any CPU
		{6CA77B8E-49CE-4097-8746-6CB3C4795B1B}.Release|Any CPU.ActiveCfg = Release|Any CPU
		{6CA77B8E-49CE-4097-8746-6CB3C4795B1B}.Release|Any CPU.Build.0 = Release|Any CPU
	EndGlobalSection
	GlobalSection(SolutionProperties) = preSolution
		HideSolutionNode = FALSE
	EndGlobalSection
EndGlobal
